
Microsoft Visual Studio Solution File, Format Version 11.00
# Visual Basic Express 2010
Project("{F184B08F-C81C-45F6-A57F-5ABD9991F28F}") = "Formtransaksi.vb", "WIKRAMART\Formtransaksi.vb.vbproj", "{DCA98037-7401-408C-B3D1-878AECD2204A}"
EndProject
Global
	GlobalSection(SolutionConfigurationPlatforms) = preSolution
		Debug|x86 = Debug|x86
		Release|x86 = Release|x86
	EndGlobalSection
	GlobalSection(ProjectConfigurationPlatforms) = postSolution
		{DCA98037-7401-408C-B3D1-878AECD2204A}.Debug|x86.ActiveCfg = Debug|x86
		{DCA98037-7401-408C-B3D1-878AECD2204A}.Debug|x86.Build.0 = Debug|x86
		{DCA98037-7401-408C-B3D1-878AECD2204A}.Release|x86.ActiveCfg = Release|x86
		{DCA98037-7401-408C-B3D1-878AECD2204A}.Release|x86.Build.0 = Release|x86
	EndGlobalSection
	GlobalSection(SolutionProperties) = preSolution
		HideSolutionNode = FALSE
	EndGlobalSection
EndGlobal
